
Microsoft Visual Studio Solution File, Format Version 12.00
# Visual Studio Version 16
VisualStudioVersion = 16.0.31624.102
MinimumVisualStudioVersion = 10.0.40219.1
Project("{FAE04EC0-301F-11D3-BF4B-00C04F79EFBC}") = "mysqltest", "mysqltest\mysqltest.csproj", "{CAB7A817-004F-4A38-9818-AB5C1CDBC679}"
EndProject
Global
	GlobalSection(SolutionConfigurationPlatforms) = preSolution
		Debug|Any CPU = Debug|Any CPU
		Release|Any CPU = Release|Any CPU
	EndGlobalSection
	GlobalSection(ProjectConfigurationPlatforms) = postSolution
		{CAB7A817-004F-4A38-9818-AB5C1CDBC679}.Debug|Any CPU.ActiveCfg = Debug|Any CPU
		{CAB7A817-004F-4A38-9818-AB5C1CDBC679}.Debug|Any CPU.Build.0 = Debug|Any CPU
		{CAB7A817-004F-4A38-9818-AB5C1CDBC679}.Release|Any CPU.ActiveCfg = Release|Any CPU
		{CAB7A817-004F-4A38-9818-AB5C1CDBC679}.Release|Any CPU.Build.0 = Release|Any CPU
	EndGlobalSection
	GlobalSection(SolutionProperties) = preSolution
		HideSolutionNode = FALSE
	EndGlobalSection
	GlobalSection(ExtensibilityGlobals) = postSolution
		SolutionGuid = {C80814AC-6D9A-4B29-BDF1-5869146968A4}
	EndGlobalSection
EndGlobal
