
Microsoft Visual Studio Solution File, Format Version 12.00
# Visual Studio Version 16
VisualStudioVersion = 16.0.30413.136
MinimumVisualStudioVersion = 10.0.40219.1
Project("{FAE04EC0-301F-11D3-BF4B-00C04F79EFBC}") = "Var, Type, typeof", "Var, Type, typeof\Var, Type, typeof.csproj", "{BCDDB9C9-AB28-4F9B-A708-A08D96FF2A17}"
EndProject
Global
	GlobalSection(SolutionConfigurationPlatforms) = preSolution
		Debug|Any CPU = Debug|Any CPU
		Release|Any CPU = Release|Any CPU
	EndGlobalSection
	GlobalSection(ProjectConfigurationPlatforms) = postSolution
		{BCDDB9C9-AB28-4F9B-A708-A08D96FF2A17}.Debug|Any CPU.ActiveCfg = Debug|Any CPU
		{BCDDB9C9-AB28-4F9B-A708-A08D96FF2A17}.Debug|Any CPU.Build.0 = Debug|Any CPU
		{BCDDB9C9-AB28-4F9B-A708-A08D96FF2A17}.Release|Any CPU.ActiveCfg = Release|Any CPU
		{BCDDB9C9-AB28-4F9B-A708-A08D96FF2A17}.Release|Any CPU.Build.0 = Release|Any CPU
	EndGlobalSection
	GlobalSection(SolutionProperties) = preSolution
		HideSolutionNode = FALSE
	EndGlobalSection
	GlobalSection(ExtensibilityGlobals) = postSolution
		SolutionGuid = {9434E6BC-5895-48C1-BD25-5C32998A972A}
	EndGlobalSection
EndGlobal
