
Microsoft Visual Studio Solution File, Format Version 12.00
# Visual Studio Version 16
VisualStudioVersion = 16.0.30413.136
MinimumVisualStudioVersion = 10.0.40219.1
Project("{FAE04EC0-301F-11D3-BF4B-00C04F79EFBC}") = "Solution Test", "Solution Test\Solution Test.csproj", "{36BC8FB2-455C-4E43-8C6F-BFB7778A7B7C}"
EndProject
Global
	GlobalSection(SolutionConfigurationPlatforms) = preSolution
		Debug|Any CPU = Debug|Any CPU
		Release|Any CPU = Release|Any CPU
	EndGlobalSection
	GlobalSection(ProjectConfigurationPlatforms) = postSolution
		{36BC8FB2-455C-4E43-8C6F-BFB7778A7B7C}.Debug|Any CPU.ActiveCfg = Debug|Any CPU
		{36BC8FB2-455C-4E43-8C6F-BFB7778A7B7C}.Debug|Any CPU.Build.0 = Debug|Any CPU
		{36BC8FB2-455C-4E43-8C6F-BFB7778A7B7C}.Release|Any CPU.ActiveCfg = Release|Any CPU
		{36BC8FB2-455C-4E43-8C6F-BFB7778A7B7C}.Release|Any CPU.Build.0 = Release|Any CPU
	EndGlobalSection
	GlobalSection(SolutionProperties) = preSolution
		HideSolutionNode = FALSE
	EndGlobalSection
	GlobalSection(ExtensibilityGlobals) = postSolution
		SolutionGuid = {C187D657-4ACB-4C1A-870D-41ED39A6C5FA}
	EndGlobalSection
EndGlobal
