
Microsoft Visual Studio Solution File, Format Version 12.00
# Visual Studio Version 16
VisualStudioVersion = 16.0.30413.136
MinimumVisualStudioVersion = 10.0.40219.1
Project("{FAE04EC0-301F-11D3-BF4B-00C04F79EFBC}") = "Interface, virtual void, class, void", "Interface, virtual void, class, void\Interface, virtual void, class, void.csproj", "{FEF83A31-1EB3-45A9-99DD-1CD62E9EAD09}"
EndProject
Global
	GlobalSection(SolutionConfigurationPlatforms) = preSolution
		Debug|Any CPU = Debug|Any CPU
		Release|Any CPU = Release|Any CPU
	EndGlobalSection
	GlobalSection(ProjectConfigurationPlatforms) = postSolution
		{FEF83A31-1EB3-45A9-99DD-1CD62E9EAD09}.Debug|Any CPU.ActiveCfg = Debug|Any CPU
		{FEF83A31-1EB3-45A9-99DD-1CD62E9EAD09}.Debug|Any CPU.Build.0 = Debug|Any CPU
		{FEF83A31-1EB3-45A9-99DD-1CD62E9EAD09}.Release|Any CPU.ActiveCfg = Release|Any CPU
		{FEF83A31-1EB3-45A9-99DD-1CD62E9EAD09}.Release|Any CPU.Build.0 = Release|Any CPU
	EndGlobalSection
	GlobalSection(SolutionProperties) = preSolution
		HideSolutionNode = FALSE
	EndGlobalSection
	GlobalSection(ExtensibilityGlobals) = postSolution
		SolutionGuid = {2F857324-33B5-4730-B5A3-88C40F20F6B6}
	EndGlobalSection
EndGlobal
