
Microsoft Visual Studio Solution File, Format Version 12.00
# Visual Studio Version 16
VisualStudioVersion = 16.0.30413.136
MinimumVisualStudioVersion = 10.0.40219.1
Project("{FAE04EC0-301F-11D3-BF4B-00C04F79EFBC}") = "Time And Date", "Time And Date\Time And Date.csproj", "{106C5D25-E8CE-4A32-8AAC-F0A0FF21970A}"
EndProject
Global
	GlobalSection(SolutionConfigurationPlatforms) = preSolution
		Debug|Any CPU = Debug|Any CPU
		Release|Any CPU = Release|Any CPU
	EndGlobalSection
	GlobalSection(ProjectConfigurationPlatforms) = postSolution
		{106C5D25-E8CE-4A32-8AAC-F0A0FF21970A}.Debug|Any CPU.ActiveCfg = Debug|Any CPU
		{106C5D25-E8CE-4A32-8AAC-F0A0FF21970A}.Debug|Any CPU.Build.0 = Debug|Any CPU
		{106C5D25-E8CE-4A32-8AAC-F0A0FF21970A}.Release|Any CPU.ActiveCfg = Release|Any CPU
		{106C5D25-E8CE-4A32-8AAC-F0A0FF21970A}.Release|Any CPU.Build.0 = Release|Any CPU
	EndGlobalSection
	GlobalSection(SolutionProperties) = preSolution
		HideSolutionNode = FALSE
	EndGlobalSection
	GlobalSection(ExtensibilityGlobals) = postSolution
		SolutionGuid = {E60DF926-4045-4205-97C9-83D637608ED2}
	EndGlobalSection
EndGlobal
