
Microsoft Visual Studio Solution File, Format Version 12.00
# Visual Studio Version 16
VisualStudioVersion = 16.0.30413.136
MinimumVisualStudioVersion = 10.0.40219.1
Project("{FAE04EC0-301F-11D3-BF4B-00C04F79EFBC}") = "Working with LINQ", "Working with LINQ\Working with LINQ.csproj", "{C8A6957F-B9AF-499A-B497-F7F426E842D5}"
EndProject
Global
	GlobalSection(SolutionConfigurationPlatforms) = preSolution
		Debug|Any CPU = Debug|Any CPU
		Release|Any CPU = Release|Any CPU
	EndGlobalSection
	GlobalSection(ProjectConfigurationPlatforms) = postSolution
		{C8A6957F-B9AF-499A-B497-F7F426E842D5}.Debug|Any CPU.ActiveCfg = Debug|Any CPU
		{C8A6957F-B9AF-499A-B497-F7F426E842D5}.Debug|Any CPU.Build.0 = Debug|Any CPU
		{C8A6957F-B9AF-499A-B497-F7F426E842D5}.Release|Any CPU.ActiveCfg = Release|Any CPU
		{C8A6957F-B9AF-499A-B497-F7F426E842D5}.Release|Any CPU.Build.0 = Release|Any CPU
	EndGlobalSection
	GlobalSection(SolutionProperties) = preSolution
		HideSolutionNode = FALSE
	EndGlobalSection
	GlobalSection(ExtensibilityGlobals) = postSolution
		SolutionGuid = {964839A1-3DDD-4CFE-B1D7-876E19AE5C8A}
	EndGlobalSection
EndGlobal
