
Microsoft Visual Studio Solution File, Format Version 12.00
# Visual Studio Version 16
VisualStudioVersion = 16.0.30413.136
MinimumVisualStudioVersion = 10.0.40219.1
Project("{FAE04EC0-301F-11D3-BF4B-00C04F79EFBC}") = "Bad Solution with JSON", "Bad Solution with JSON\Bad Solution with JSON.csproj", "{C08D7900-F122-437D-AD5F-6BEFF3204801}"
EndProject
Global
	GlobalSection(SolutionConfigurationPlatforms) = preSolution
		Debug|Any CPU = Debug|Any CPU
		Release|Any CPU = Release|Any CPU
	EndGlobalSection
	GlobalSection(ProjectConfigurationPlatforms) = postSolution
		{C08D7900-F122-437D-AD5F-6BEFF3204801}.Debug|Any CPU.ActiveCfg = Debug|Any CPU
		{C08D7900-F122-437D-AD5F-6BEFF3204801}.Debug|Any CPU.Build.0 = Debug|Any CPU
		{C08D7900-F122-437D-AD5F-6BEFF3204801}.Release|Any CPU.ActiveCfg = Release|Any CPU
		{C08D7900-F122-437D-AD5F-6BEFF3204801}.Release|Any CPU.Build.0 = Release|Any CPU
	EndGlobalSection
	GlobalSection(SolutionProperties) = preSolution
		HideSolutionNode = FALSE
	EndGlobalSection
	GlobalSection(ExtensibilityGlobals) = postSolution
		SolutionGuid = {2C9CBC7F-5B16-42AD-B6EA-EBD8F82D00A9}
	EndGlobalSection
EndGlobal
